// !$*UTF8*$!
{
	archiveVersion = 1;
	classes = {
	};
	objectVersion = 46;
	objects = {

/* Begin PBXBuildFile section */
		C946E41D1CF981E3000233C1 /* main.m in Sources */ = {isa = PBXBuildFile; fileRef = C946E41C1CF981E3000233C1 /* main.m */; };
		C946E4201CF981E3000233C1 /* AppDelegate.m in Sources */ = {isa = PBXBuildFile; fileRef = C946E41F1CF981E3000233C1 /* AppDelegate.m */; };
		C946E4231CF981E3000233C1 /* ViewController.m in Sources */ = {isa = PBXBuildFile; fileRef = C946E4221CF981E3000233C1 /* ViewController.m */; };
		C946E4261CF981E3000233C1 /* Main.storyboard in Resources */ = {isa = PBXBuildFile; fileRef = C946E4241CF981E3000233C1 /* Main.storyboard */; };
		C946E4281CF981E3000233C1 /* Assets.xcassets in Resources */ = {isa = PBXBuildFile; fileRef = C946E4271CF981E3000233C1 /* Assets.xcassets */; };
		C946E42B1CF981E3000233C1 /* LaunchScreen.storyboard in Resources */ = {isa = PBXBuildFile; fileRef = C946E4291CF981E3000233C1 /* LaunchScreen.storyboard */; };
/* End PBXBuildFile section */

/* Begin PBXFileReference section */
		C946E4181CF981E3000233C1 /* SlideMenu.app */ = {isa = PBXFileReference; explicitFileType = wrapper.application; includeInIndex = 0; path = SlideMenu.app; sourceTree = BUILT_PRODUCTS_DIR; };
		C946E41C1CF981E3000233C1 /* main.m */ = {isa = PBXFileReference; lastKnownFileType = sourcecode.c.objc; path = main.m; sourceTree = "<group>"; };
		C946E41E1CF981E3000233C1 /* AppDelegate.h */ = {isa = PBXFileReference; lastKnownFileType = sourcecode.c.h; path = AppDelegate.h; sourceTree = "<group>"; };
		C946E41F1CF981E3000233C1 /* AppDelegate.m */ = {isa = PBXFileReference; lastKnownFileType = sourcecode.c.objc; path = AppDelegate.m; sourceTree = "<group>"; };
		C946E4211CF981E3000233C1 /* ViewController.h */ = {isa = PBXFileReference; lastKnownFileType = sourcecode.c.h; path = ViewController.h; sourceTree = "<group>"; };
		C946E4221CF981E3000233C1 /* ViewController.m */ = {isa = PBXFileReference; lastKnownFileType = sourcecode.c.objc; path = ViewController.m; sourceTree = "<group>"; };
		C946E4251CF981E3000233C1 /* Base */ = {isa = PBXFileReference; lastKnownFileType = file.storyboard; name = Base; path = Base.lproj/Main.storyboard; sourceTree = "<group>"; };
		C946E4271CF981E3000233C1 /* Assets.xcassets */ = {isa = PBXFileReference; lastKnownFileType = folder.assetcatalog; path = Assets.xcassets; sourceTree = "<group>"; };
		C946E42A1CF981E3000233C1 /* Base */ = {isa = PBXFileReference; lastKnownFileType = file.storyboard; name = Base; path = Base.lproj/LaunchScreen.storyboard; sourceTree = "<group>"; };
		C946E42C1CF981E3000233C1 /* Info.plist */ = {isa = PBXFileReference; lastKnownFileType = text.plist.xml; path = Info.plist; sourceTree = "<group>"; };
/* End PBXFileReference section */

/* Begin PBXFrameworksBuildPhase section */
		C946E4151CF981E3000233C1 /* Frameworks */ = {
			isa = PBXFrameworksBuildPhase;
			buildActionMask = 2147483647;
			files = (
			);
			runOnlyForDeploymentPostprocessing = 0;
		};
/* End PBXFrameworksBuildPhase section */

/* Begin PBXGroup section */
		C946E40F1CF981E3000233C1 = {
			isa = PBXGroup;
			children = (
				C946E41A1CF981E3000233C1 /* SlideMenu */,
				C946E4191CF981E3000233C1 /* Products */,
			);
			sourceTree = "<group>";
		};
		C946E4191CF981E3000233C1 /* Products */ = {
			isa = PBXGroup;
			children = (
				C946E4181CF981E3000233C1 /* SlideMenu.app */,
			);
			name = Products;
			sourceTree = "<group>";
		};
		C946E41A1CF981E3000233C1 /* SlideMenu */ = {
			isa = PBXGroup;
			children = (
				C946E41E1CF981E3000233C1 /* AppDelegate.h */,
				C946E41F1CF981E3000233C1 /* AppDelegate.m */,
				C946E4211CF981E3000233C1 /* ViewController.h */,
				C946E4221CF981E3000233C1 /* ViewController.m */,
				C946E4241CF981E3000233C1 /* Main.storyboard */,
				C946E4271CF981E3000233C1 /* Assets.xcassets */,
				C946E4291CF981E3000233C1 /* LaunchScreen.storyboard */,
				C946E42C1CF981E3000233C1 /* Info.plist */,
				C946E41B1CF981E3000233C1 /* Supporting Files */,
			);
			path = SlideMenu;
			sourceTree = "<group>";
		};
		C946E41B1CF981E3000233C1 /* Supporting Files */ = {
			isa = PBXGroup;
			children = (
				C946E41C1CF981E3000233C1 /* main.m */,
			);
			name = "Supporting Files";
			sourceTree = "<group>";
		};
/* End PBXGroup section */

/* Begin PBXNativeTarget section */
		C946E4171CF981E3000233C1 /* SlideMenu */ = {
			isa = PBXNativeTarget;
			buildConfigurationList = C946E42F1CF981E3000233C1 /* Build configuration list for PBXNativeTarget "SlideMenu" */;
			buildPhases = (
				C946E4141CF981E3000233C1 /* Sources */,
				C946E4151CF981E3000233C1 /* Frameworks */,
				C946E4161CF981E3000233C1 /* Resources */,
			);
			buildRules = (
			);
			dependencies = (
			);
			name = SlideMenu;
			productName = SlideMenu;
			productReference = C946E4181CF981E3000233C1 /* SlideMenu.app */;
			productType = "com.apple.product-type.application";
		};
/* End PBXNativeTarget section */

/* Begin PBXProject section */
		C946E4101CF981E3000233C1 /* Project object */ = {
			isa = PBXProject;
			attributes = {
				LastUpgradeCheck = 0730;
				ORGANIZATIONNAME = XWH;
				TargetAttributes = {
					C946E4171CF981E3000233C1 = {
						CreatedOnToolsVersion = 7.3;
					};
				};
			};
			buildConfigurationList = C946E4131CF981E3000233C1 /* Build configuration list for PBXProject "SlideMenu" */;
			compatibilityVersion = "Xcode 3.2";
			developmentRegion = English;
			hasScannedForEncodings = 0;
			knownRegions = (
				en,
				Base,
			);
			mainGroup = C946E40F1CF981E3000233C1;
			productRefGroup = C946E4191CF981E3000233C1 /* Products */;
			projectDirPath = "";
			projectRoot = "";
			targets = (
				C946E4171CF981E3000233C1 /* SlideMenu */,
			);
		};
/* End PBXProject section */

/* Begin PBXResourcesBuildPhase section */
		C946E4161CF981E3000233C1 /* Resources */ = {
			isa = PBXResourcesBuildPhase;
			buildActionMask = 2147483647;
			files = (
				C946E42B1CF981E3000233C1 /* LaunchScreen.storyboard in Resources */,
				C946E4281CF981E3000233C1 /* Assets.xcassets in Resources */,
				C946E4261CF981E3000233C1 /* Main.storyboard in Resources */,
			);
			runOnlyForDeploymentPostprocessing = 0;
		};
/* End PBXResourcesBuildPhase section */

/* Begin PBXSourcesBuildPhase section */
		C946E4141CF981E3000233C1 /* Sources */ = {
			isa = PBXSourcesBuildPhase;
			buildActionMask = 2147483647;
			files = (
				C946E4231CF981E3000233C1 /* ViewController.m in Sources */,
				C946E4201CF981E3000233C1 /* AppDelegate.m in Sources */,
				C946E41D1CF981E3000233C1 /* main.m in Sources */,
			);
			runOnlyForDeploymentPostprocessing = 0;
		};
/* End PBXSourcesBuildPhase section */

/* Begin PBXVariantGroup section */
		C946E4241CF981E3000233C1 /* Main.storyboard */ = {
			isa = PBXVariantGroup;
			children = (
				C946E4251CF981E3000233C1 /* Base */,
			);
			name = Main.storyboard;
			sourceTree = "<group>";
		};
		C946E4291CF981E3000233C1 /* LaunchScreen.storyboard */ = {
			isa = PBXVariantGroup;
			children = (
				C946E42A1CF981E3000233C1 /* Base */,
			);
			name = LaunchScreen.storyboard;
			sourceTree = "<group>";
		};
/* End PBXVariantGroup section */

/* Begin XCBuildConfiguration section */
		C946E42D1CF981E3000233C1 /* Debug */ = {
			isa = XCBuildConfiguration;
			buildSettings = {
				ALWAYS_SEARCH_USER_PATHS = NO;
				CLANG_ANALYZER_NONNULL = YES;
				CLANG_CXX_LANGUAGE_STANDARD = "gnu++0x";
				CLANG_CXX_LIBRARY = "libc++";
				CLANG_ENABLE_MODULES = YES;
				CLANG_ENABLE_OBJC_ARC = YES;
				CLANG_WARN_BOOL_CONVERSION = YES;
				CLANG_WARN_CONSTANT_CONVERSION = YES;
				CLANG_WARN_DIRECT_OBJC_ISA_USAGE = YES_ERROR;
				CLANG_WARN_EMPTY_BODY = YES;
				CLANG_WARN_ENUM_CONVERSION = YES;
				CLANG_WARN_INT_CONVERSION = YES;
				CLANG_WARN_OBJC_ROOT_CLASS = YES_ERROR;
				CLANG_WARN_UNREACHABLE_CODE = YES;
				CLANG_WARN__DUPLICATE_METHOD_MATCH = YES;
				"CODE_SIGN_IDENTITY[sdk=iphoneos*]" = "iPhone Developer";
				COPY_PHASE_STRIP = NO;
				DEBUG_INFORMATION_FORMAT = dwarf;
				ENABLE_STRICT_OBJC_MSGSEND = YES;
				ENABLE_TESTABILITY = YES;
				GCC_C_LANGUAGE_STANDARD = gnu99;
				GCC_DYNAMIC_NO_PIC = NO;
				GCC_NO_COMMON_BLOCKS = YES;
				GCC_OPTIMIZATION_LEVEL = 0;
				GCC_PREPROCESSOR_DEFINITIONS = (
					"DEBUG=1",
					"$(inherited)",
				);
				GCC_WARN_64_TO_32_BIT_CONVERSION = YES;
				GCC_WARN_ABOUT_RETURN_TYPE = YES_ERROR;
				GCC_WARN_UNDECLARED_SELECTOR = YES;
				GCC_WARN_UNINITIALIZED_AUTOS = YES_AGGRESSIVE;
				GCC_WARN_UNUSED_FUNCTION = YES;
				GCC_WARN_UNUSED_VARIABLE = YES;
				IPHONEOS_DEPLOYMENT_TARGET = 9.3;
				MTL_ENABLE_DEBUG_INFO = YES;
				ONLY_ACTIVE_ARCH = YES;
				SDKROOT = iphoneos;
				TARGETED_DEVICE_FAMILY = "1,2";
			};
			name = Debug;
		};
		C946E42E1CF981E3000233C1 /* Release */ = {
			isa = XCBuildConfiguration;
			buildSettings = {
				ALWAYS_SEARCH_USER_PATHS = NO;
				CLANG_ANALYZER_NONNULL = YES;
				CLANG_CXX_LANGUAGE_STANDARD = "gnu++0x";
				CLANG_CXX_LIBRARY = "libc++";
				CLANG_ENABLE_MODULES = YES;
				CLANG_ENABLE_OBJC_ARC = YES;
				CLANG_WARN_BOOL_CONVERSION = YES;
				CLANG_WARN_CONSTANT_CONVERSION = YES;
				CLANG_WARN_DIRECT_OBJC_ISA_USAGE = YES_ERROR;
				CLANG_WARN_EMPTY_BODY = YES;
				CLANG_WARN_ENUM_CONVERSION = YES;
				CLANG_WARN_INT_CONVERSION = YES;
				CLANG_WARN_OBJC_ROOT_CLASS = YES_ERROR;
				CLANG_WARN_UNREACHABLE_CODE = YES;
				CLANG_WARN__DUPLICATE_METHOD_MATCH = YES;
				"CODE_SIGN_IDENTITY[sdk=iphoneos*]" = "iPhone Developer";
				COPY_PHASE_STRIP = NO;
				DEBUG_INFORMATION_FORMAT = "dwarf-with-dsym";
				ENABLE_NS_ASSERTIONS = NO;
				ENABLE_STRICT_OBJC_MSGSEND = YES;
				GCC_C_LANGUAGE_STANDARD = gnu99;
				GCC_NO_COMMON_BLOCKS = YES;
				GCC_WARN_64_TO_32_BIT_CONVERSION = YES;
				GCC_WARN_ABOUT_RETURN_TYPE = YES_ERROR;
				GCC_WARN_UNDECLARED_SELECTOR = YES;
				GCC_WARN_UNINITIALIZED_AUTOS = YES_AGGRESSIVE;
				GCC_WARN_UNUSED_FUNCTION = YES;
				GCC_WARN_UNUSED_VARIABLE = YES;
				IPHONEOS_DEPLOYMENT_TARGET = 9.3;
				MTL_ENABLE_DEBUG_INFO = NO;
				SDKROOT = iphoneos;
				TARGETED_DEVICE_FAMILY = "1,2";
				VALIDATE_PRODUCT = YES;
			};
			name = Release;
		};
		C946E4301CF981E3000233C1 /* Debug */ = {
			isa = XCBuildConfiguration;
			buildSettings = {
				ASSETCATALOG_COMPILER_APPICON_NAME = AppIcon;
				INFOPLIST_FILE = SlideMenu/Info.plist;
				LD_RUNPATH_SEARCH_PATHS = "$(inherited) @executable_path/Frameworks";
				PRODUCT_BUNDLE_IDENTIFIER = com.1019459067.SlideMenu;
				PRODUCT_NAME = "$(TARGET_NAME)";
			};
			name = Debug;
		};
		C946E4311CF981E3000233C1 /* Release */ = {
			isa = XCBuildConfiguration;
			buildSettings = {
				ASSETCATALOG_COMPILER_APPICON_NAME = AppIcon;
				INFOPLIST_FILE = SlideMenu/Info.plist;
				LD_RUNPATH_SEARCH_PATHS = "$(inherited) @executable_path/Frameworks";
				PRODUCT_BUNDLE_IDENTIFIER = com.1019459067.SlideMenu;
				PRODUCT_NAME = "$(TARGET_NAME)";
			};
			name = Release;
		};
/* End XCBuildConfiguration section */

/* Begin XCConfigurationList section */
		C946E4131CF981E3000233C1 /* Build configuration list for PBXProject "SlideMenu" */ = {
			isa = XCConfigurationList;
			buildConfigurations = (
				C946E42D1CF981E3000233C1 /* Debug */,
				C946E42E1CF981E3000233C1 /* Release */,
			);
			defaultConfigurationIsVisible = 0;
			defaultConfigurationName = Release;
		};
		C946E42F1CF981E3000233C1 /* Build configuration list for PBXNativeTarget "SlideMenu" */ = {
			isa = XCConfigurationList;
			buildConfigurations = (
				C946E4301CF981E3000233C1 /* Debug */,
				C946E4311CF981E3000233C1 /* Release */,
			);
			defaultConfigurationIsVisible = 0;
		};
/* End XCConfigurationList section */
	};
	rootObject = C946E4101CF981E3000233C1 /* Project object */;
}
